{
    "name": "comment-section-project",
    "lockfileVersion": 3,
    "requires": true,
    "packages": {
        "": {
            "name": "comment-section-project",
            "workspaces": [
                "shared"
            ]
        },
        "node_modules/shared": {
            "resolved": "shared",
            "link": true
        },
        "shared": {}
    }
}
